
Microsoft Visual Studio Solution File, Format Version 11.00
# Visual Studio 2010
Project("{8BC9CEB8-8B4A-11D0-8D11-00A0C91BC942}") = "Server", "Server\Server.vcxproj", "{CBF152C6-57A7-420F-A4D7-F11975E7D09F}"
EndProject
Project("{FAE04EC0-301F-11D3-BF4B-00C04F79EFBC}") = "Client", "Client\Client.csproj", "{0F92AD90-47B9-4A1C-A8B1-9202A3110142}"
EndProject
Global
	GlobalSection(SolutionConfigurationPlatforms) = preSolution
		Debug|Mixed Platforms = Debug|Mixed Platforms
		Debug|Win32 = Debug|Win32
		Debug|x86 = Debug|x86
		Release|Mixed Platforms = Release|Mixed Platforms
		Release|Win32 = Release|Win32
		Release|x86 = Release|x86
	EndGlobalSection
	GlobalSection(ProjectConfigurationPlatforms) = postSolution
		{CBF152C6-57A7-420F-A4D7-F11975E7D09F}.Debug|Mixed Platforms.ActiveCfg = Debug|Win32
		{CBF152C6-57A7-420F-A4D7-F11975E7D09F}.Debug|Mixed Platforms.Build.0 = Debug|Win32
		{CBF152C6-57A7-420F-A4D7-F11975E7D09F}.Debug|Win32.ActiveCfg = Debug|Win32
		{CBF152C6-57A7-420F-A4D7-F11975E7D09F}.Debug|Win32.Build.0 = Debug|Win32
		{CBF152C6-57A7-420F-A4D7-F11975E7D09F}.Debug|x86.ActiveCfg = Debug|Win32
		{CBF152C6-57A7-420F-A4D7-F11975E7D09F}.Release|Mixed Platforms.ActiveCfg = Release|Win32
		{CBF152C6-57A7-420F-A4D7-F11975E7D09F}.Release|Mixed Platforms.Build.0 = Release|Win32
		{CBF152C6-57A7-420F-A4D7-F11975E7D09F}.Release|Win32.ActiveCfg = Release|Win32
		{CBF152C6-57A7-420F-A4D7-F11975E7D09F}.Release|Win32.Build.0 = Release|Win32
		{CBF152C6-57A7-420F-A4D7-F11975E7D09F}.Release|x86.ActiveCfg = Release|Win32
		{0F92AD90-47B9-4A1C-A8B1-9202A3110142}.Debug|Mixed Platforms.ActiveCfg = Debug|x86
		{0F92AD90-47B9-4A1C-A8B1-9202A3110142}.Debug|Mixed Platforms.Build.0 = Debug|x86
		{0F92AD90-47B9-4A1C-A8B1-9202A3110142}.Debug|Win32.ActiveCfg = Debug|x86
		{0F92AD90-47B9-4A1C-A8B1-9202A3110142}.Debug|x86.ActiveCfg = Debug|x86
		{0F92AD90-47B9-4A1C-A8B1-9202A3110142}.Debug|x86.Build.0 = Debug|x86
		{0F92AD90-47B9-4A1C-A8B1-9202A3110142}.Release|Mixed Platforms.ActiveCfg = Release|x86
		{0F92AD90-47B9-4A1C-A8B1-9202A3110142}.Release|Mixed Platforms.Build.0 = Release|x86
		{0F92AD90-47B9-4A1C-A8B1-9202A3110142}.Release|Win32.ActiveCfg = Release|x86
		{0F92AD90-47B9-4A1C-A8B1-9202A3110142}.Release|x86.ActiveCfg = Release|x86
		{0F92AD90-47B9-4A1C-A8B1-9202A3110142}.Release|x86.Build.0 = Release|x86
	EndGlobalSection
	GlobalSection(SolutionProperties) = preSolution
		HideSolutionNode = FALSE
	EndGlobalSection
EndGlobal
